Microsoft Visual Studio Solution File, Format Version 11.00
# Visual Studio 2008

Project("{F896BBB6-87C8-E6E6-0D31-BF04E000D10A}") = "Homeless Sim", "Assembly-CSharp.csproj", "{624691B8-2CB3-666E-03A5-164BDB36C362}"
EndProject
Global
	GlobalSection(SolutionConfigurationPlatforms) = preSolution
		Debug|Any CPU = Debug|Any CPU
		Release|Any CPU = Release|Any CPU
	EndGlobalSection
	GlobalSection(ProjectConfigurationPlatforms) = postSolution
		{624691B8-2CB3-666E-03A5-164BDB36C362}.Debug|Any CPU.ActiveCfg = Debug|Any CPU
		{624691B8-2CB3-666E-03A5-164BDB36C362}.Debug|Any CPU.Build.0 = Debug|Any CPU
		{624691B8-2CB3-666E-03A5-164BDB36C362}.Release|Any CPU.ActiveCfg = Release|Any CPU
		{624691B8-2CB3-666E-03A5-164BDB36C362}.Release|Any CPU.Build.0 = Release|Any CPU
	EndGlobalSection
	GlobalSection(SolutionProperties) = preSolution
		HideSolutionNode = FALSE
	EndGlobalSection
	GlobalSection(MonoDevelopProperties) = preSolution
		StartupItem = Assembly-CSharp.csproj
	EndGlobalSection
EndGlobal
